{
  "name": "client-pet",
  "version": "0.1.0",
  "lockfileVersion": 3,
  "requires": true,
  "packages": {
    "": {
      "name": "client-pet",
      "version": "0.1.0",
      "dependencies": {
        "@reduxjs/toolkit": "^2.2.6",
        "cookies-next": "^4.2.1",
        "firebase": "^10.12.4",
        "next": "14.2.4",
        "react": "^18",
        "react-dom": "^18",
        "react-redux": "^9.1.2",
        "sonner": "^1.5.0",
        "swiper": "^11.1.4"
      },
      "devDependencies": {
        "@types/node": "^20",
        "@types/react": "^18",
        "@types/react-dom": "^18",
        "eslint": "^8",
        "eslint-config-next": "14.2.4",
        "eslint-config-prettier": "^9.1.0",
        "eslint-plugin-prettier": "^5.1.3",
        "prettier": "^3.3.2",
        "sass": "^1.77.6",
        "typescript": "^5"
      }
    },
    "node_modules/@eslint-community/eslint-utils": {
      "version": "4.4.0",
      "resolved": "https://registry.npmjs.org/@eslint-community/eslint-utils/-/eslint-utils-4.4.0.tgz",
      "integrity": "sha512-1/sA4dwrzBAyeUoQ6oxahHKmrZvsnLCg4RfxW3ZFGGmQkSNQPFNLV9CUEFQP1x9EYXHTo5p6xdhZM1Ne9p/AfA==",
      "dev": true,
      "dependencies": {
        "eslint-visitor-keys": "^3.3.0"
      },
      "engines": {
        "node": "^12.22.0 || ^14.17.0 || >=16.0.0"
      },
      "peerDependencies": {
        "eslint": "^6.0.0 || ^7.0.0 || >=8.0.0"
      }
    },
    "node_modules/@eslint-community/regexpp": {
      "version": "4.11.0",
      "resolved": "https://registry.npmjs.org/@eslint-community/regexpp/-/regexpp-4.11.0.tgz",
      "integrity": "sha512-G/M/tIiMrTAxEWRfLfQJMmGNX28IxBg4PBz8XqQhqUHLFI6TL2htpIB1iQCj144V5ee/JaKyT9/WZ0MGZWfA7A==",
      "dev": true,
      "engines": {
        "node": "^12.0.0 || ^14.0.0 || >=16.0.0"
      }
    },
    "node_modules/@eslint/eslintrc": {
      "version": "2.1.4",
      "resolved": "https://registry.npmjs.org/@eslint/eslintrc/-/eslintrc-2.1.4.tgz",
      "integrity": "sha512-269Z39MS6wVJtsoUl10L60WdkhJVdPG24Q4eZTH3nnF6lpvSShEK3wQjDX9JRWAUPvPh7COouPpU9IrqaZFvtQ==",
      "dev": true,
      "dependencies": {
        "ajv": "^6.12.4",
        "debug": "^4.3.2",
        "espree": "^9.6.0",
        "globals": "^13.19.0",
        "ignore": "^5.2.0",
        "import-fresh": "^3.2.1",
        "js-yaml": "^4.1.0",
        "minimatch": "^3.1.2",
        "strip-json-comments": "^3.1.1"
      },
      "engines": {
        "node": "^12.22.0 || ^14.17.0 || >=16.0.0"
      },
      "funding": {
        "url": "https://opencollective.com/eslint"
      }
    },
    "node_modules/@eslint/js": {
      "version": "8.57.0",
      "resolved": "https://registry.npmjs.org/@eslint/js/-/js-8.57.0.tgz",
      "integrity": "sha512-Ys+3g2TaW7gADOJzPt83SJtCDhMjndcDMFVQ/Tj9iA1BfJzFKD9mAUXT3OenpuPHbI6P/myECxRJrofUsDx/5g==",
      "dev": true,
      "engines": {
        "node": "^12.22.0 || ^14.17.0 || >=16.0.0"
      }
    },
    "node_modules/@fastify/busboy": {
      "version": "2.1.1",
      "resolved": "https://registry.npmjs.org/@fastify/busboy/-/busboy-2.1.1.tgz",
      "integrity": "sha512-vBZP4NlzfOlerQTnba4aqZoMhE/a9HY7HRqoOPaETQcSQuWEIyZMHGfVu6w9wGtGK5fED5qRs2DteVCjOH60sA==",
      "engines": {
        "node": ">=14"
      }
    },
    "node_modules/@firebase/analytics": {
      "version": "0.10.6",
      "resolved": "https://registry.npmjs.org/@firebase/analytics/-/analytics-0.10.6.tgz",
      "integrity": "sha512-sB59EwcAvLt0fINGfMWmcRKcdUiYhE4AJNdDXSCSDo4D/ZXFRmb6qwX9YesKHXFB59XTLT03mAjqQcDrdym9qA==",
      "dependencies": {
        "@firebase/component": "0.6.8",
        "@firebase/installations": "0.6.8",
        "@firebase/logger": "0.4.2",
        "@firebase/util": "1.9.7",
        "safevalues": "0.6.0",
        "tslib": "^2.1.0"
      },
      "peerDependencies": {
        "@firebase/app": "0.x"
      }
    },
    "node_modules/@firebase/analytics-compat": {
      "version": "0.2.12",
      "resolved": "https://registry.npmjs.org/@firebase/analytics-compat/-/analytics-compat-0.2.12.tgz",
      "integrity": "sha512-rXWnOAdEHbvBPLNjFLu3U0yDZVIAi+C0DL+RkUEOirfSqAeQaKzBCATeBw6+K7FVpEnknhm4tZrvVUVtJjShMw==",
      "dependencies": {
        "@firebase/analytics": "0.10.6",
        "@firebase/analytics-types": "0.8.2",
        "@firebase/component": "0.6.8",
        "@firebase/util": "1.9.7",
        "tslib": "^2.1.0"
      },
      "peerDependencies": {
        "@firebase/app-compat": "0.x"
      }
    },
    "node_modules/@firebase/analytics-types": {
      "version": "0.8.2",
      "resolved": "https://registry.npmjs.org/@firebase/analytics-types/-/analytics-types-0.8.2.tgz",
      "integrity": "sha512-EnzNNLh+9/sJsimsA/FGqzakmrAUKLeJvjRHlg8df1f97NLUlFidk9600y0ZgWOp3CAxn6Hjtk+08tixlUOWyw=="
    },
    "node_modules/@firebase/app": {
      "version": "0.10.7",
      "resolved": "https://registry.npmjs.org/@firebase/app/-/app-0.10.7.tgz",
      "integrity": "sha512-7OCd53B+wnk/onbMLn/vM10pDjw97zzWUD8m3swtLYKJIrL+gDZ7HZ4xcbBLw7OB8ikzu8k1ORNjRe2itgAy4g==",
      "dependencies": {
        "@firebase/component": "0.6.8",
        "@firebase/logger": "0.4.2",
        "@firebase/util": "1.9.7",
        "idb": "7.1.1",
        "tslib": "^2.1.0"
      }
    },
    "node_modules/@firebase/app-check": {
      "version": "0.8.6",
      "resolved": "https://registry.npmjs.org/@firebase/app-check/-/app-check-0.8.6.tgz",
      "integrity": "sha512-uSzl0/SDw54hwuORWHDtldb9kK/QEVZOcoPn2mlIjMrJOLDug/6kcqnIN3IHzwmPyf23Epg0AGBktvG2FugW4w==",
      "dependencies": {
        "@firebase/component": "0.6.8",
        "@firebase/logger": "0.4.2",
        "@firebase/util": "1.9.7",
        "safevalues": "0.6.0",
        "tslib": "^2.1.0"
      },
      "peerDependencies": {
        "@firebase/app": "0.x"
      }
    },
    "node_modules/@firebase/app-check-compat": {
      "version": "0.3.13",
      "resolved": "https://registry.npmjs.org/@firebase/app-check-compat/-/app-check-compat-0.3.13.tgz",
      "integrity": "sha512-1sbS5Apq7dLys1KYdNQsmZLFIjJoFP9Mv4bzIcdXuTkWQjr3X2qAvwiTslC6prVAUMiTV0eM9eicdQIXVsiSRw==",
      "dependencies": {
        "@firebase/app-check": "0.8.6",
        "@firebase/app-check-types": "0.5.2",
        "@firebase/component": "0.6.8",
        "@firebase/logger": "0.4.2",
        "@firebase/util": "1.9.7",
        "tslib": "^2.1.0"
      },
      "peerDependencies": {
        "@firebase/app-compat": "0.x"
      }
    },
    "node_modules/@firebase/app-check-interop-types": {
      "version": "0.3.2",
      "resolved": "https://registry.npmjs.org/@firebase/app-check-interop-types/-/app-check-interop-types-0.3.2.tgz",
      "integrity": "sha512-LMs47Vinv2HBMZi49C09dJxp0QT5LwDzFaVGf/+ITHe3BlIhUiLNttkATSXplc89A2lAaeTqjgqVkiRfUGyQiQ=="
    },
    "node_modules/@firebase/app-check-types": {
      "version": "0.5.2",
      "resolved": "https://registry.npmjs.org/@firebase/app-check-types/-/app-check-types-0.5.2.tgz",
      "integrity": "sha512-FSOEzTzL5bLUbD2co3Zut46iyPWML6xc4x+78TeaXMSuJap5QObfb+rVvZJtla3asN4RwU7elaQaduP+HFizDA=="
    },
    "node_modules/@firebase/app-compat": {
      "version": "0.2.37",
      "resolved": "https://registry.npmjs.org/@firebase/app-compat/-/app-compat-0.2.37.tgz",
      "integrity": "sha512-yiQLYT9LYQHuJGu/msuBLFtdWWTJ3Pz04E9gSeWykSB+8s0XXJJqfqQlghH7CcQ3KnJZR+Wuc3zSMcY3a+dn6Q==",
      "dependencies": {
        "@firebase/app": "0.10.7",
        "@firebase/component": "0.6.8",
        "@firebase/logger": "0.4.2",
        "@firebase/util": "1.9.7",
        "tslib": "^2.1.0"
      }
    },
    "node_modules/@firebase/app-types": {
      "version": "0.9.2",
      "resolved": "https://registry.npmjs.org/@firebase/app-types/-/app-types-0.9.2.tgz",
      "integrity": "sha512-oMEZ1TDlBz479lmABwWsWjzHwheQKiAgnuKxE0pz0IXCVx7/rtlkx1fQ6GfgK24WCrxDKMplZrT50Kh04iMbXQ=="
    },
    "node_modules/@firebase/auth-compat": {
      "version": "0.5.10",
      "resolved": "https://registry.npmjs.org/@firebase/auth-compat/-/auth-compat-0.5.10.tgz",
      "integrity": "sha512-epDhgNIXmhl9DPuTW9Ec5NDJJKMFIdXBXiQI9O0xNHveow/ETtBCY86srzF7iCacqsd30CcpLwwXlhk8Y19Olg==",
      "dependencies": {
        "@firebase/auth": "1.7.5",
        "@firebase/auth-types": "0.12.2",
        "@firebase/component": "0.6.8",
        "@firebase/util": "1.9.7",
        "tslib": "^2.1.0",
        "undici": "5.28.4"
      },
      "peerDependencies": {
        "@firebase/app-compat": "0.x"
      }
    },
    "node_modules/@firebase/auth-compat/node_modules/@firebase/auth": {
      "version": "1.7.5",
      "resolved": "https://registry.npmjs.org/@firebase/auth/-/auth-1.7.5.tgz",
      "integrity": "sha512-DMFR1OA/f1/voeuFbSORg9AP36pMgOoSb/DRgiDalLmIJsDTlQNMCu+givjMP4s/XL85+tBk2MerYnK/AscJjw==",
      "dependencies": {
        "@firebase/component": "0.6.8",
        "@firebase/logger": "0.4.2",
        "@firebase/util": "1.9.7",
        "tslib": "^2.1.0",
        "undici": "5.28.4"
      },
      "peerDependencies": {
        "@firebase/app": "0.x",
        "@react-native-async-storage/async-storage": "^1.18.1"
      },
      "peerDependenciesMeta": {
        "@react-native-async-storage/async-storage": {
          "optional": true
        }
      }
    },
    "node_modules/@firebase/auth-interop-types": {
      "version": "0.2.3",
      "resolved": "https://registry.npmjs.org/@firebase/auth-interop-types/-/auth-interop-types-0.2.3.tgz",
      "integrity": "sha512-Fc9wuJGgxoxQeavybiuwgyi+0rssr76b+nHpj+eGhXFYAdudMWyfBHvFL/I5fEHniUM/UQdFzi9VXJK2iZF7FQ=="
    },
    "node_modules/@firebase/auth-types": {
      "version": "0.12.2",
      "resolved": "https://registry.npmjs.org/@firebase/auth-types/-/auth-types-0.12.2.tgz",
      "integrity": "sha512-qsEBaRMoGvHO10unlDJhaKSuPn4pyoTtlQuP1ghZfzB6rNQPuhp/N/DcFZxm9i4v0SogjCbf9reWupwIvfmH6w==",
      "peerDependencies": {
        "@firebase/app-types": "0.x",
        "@firebase/util": "1.x"
      }
    },
    "node_modules/@firebase/component": {
      "version": "0.6.8",
      "resolved": "https://registry.npmjs.org/@firebase/component/-/component-0.6.8.tgz",
      "integrity": "sha512-LcNvxGLLGjBwB0dJUsBGCej2fqAepWyBubs4jt1Tiuns7QLbXHuyObZ4aMeBjZjWx4m8g1LoVI9QFpSaq/k4/g==",
      "dependencies": {
        "@firebase/util": "1.9.7",
        "tslib": "^2.1.0"
      }
    },
    "node_modules/@firebase/database": {
      "version": "1.0.6",
      "resolved": "https://registry.npmjs.org/@firebase/database/-/database-1.0.6.tgz",
      "integrity": "sha512-nrexUEG/fpVlHtWKkyfhTC3834kZ1WS7voNyqbBsBCqHXQOvznN5Z0L3nxBqdXSJyltNAf4ndFlQqm5gZiEczQ==",
      "dependencies": {
        "@firebase/app-check-interop-types": "0.3.2",
        "@firebase/auth-interop-types": "0.2.3",
        "@firebase/component": "0.6.8",
        "@firebase/logger": "0.4.2",
        "@firebase/util": "1.9.7",
        "faye-websocket": "0.11.4",
        "tslib": "^2.1.0"
      }
    },
    "node_modules/@firebase/database-compat": {
      "version": "1.0.6",
      "resolved": "https://registry.npmjs.org/@firebase/database-compat/-/database-compat-1.0.6.tgz",
      "integrity": "sha512-1OGA0sLY47mkXjhICCrUTXEYFnSSXoiXWm1SHsN62b+Lzs5aKA3aWTjTUmYIoK93kDAMPkYpulSv8jcbH4Hwew==",
      "dependencies": {
        "@firebase/component": "0.6.8",
        "@firebase/database": "1.0.6",
        "@firebase/database-types": "1.0.4",
        "@firebase/logger": "0.4.2",
        "@firebase/util": "1.9.7",
        "tslib": "^2.1.0"
      }
    },
    "node_modules/@firebase/database-types": {
      "version": "1.0.4",
      "resolved": "https://registry.npmjs.org/@firebase/database-types/-/database-types-1.0.4.tgz",
      "integrity": "sha512-mz9ZzbH6euFXbcBo+enuJ36I5dR5w+enJHHjy9Y5ThCdKUseqfDjW3vCp1YxE9zygFCSjJJ/z1cQ+zodvUcwPQ==",
      "dependencies": {
        "@firebase/app-types": "0.9.2",
        "@firebase/util": "1.9.7"
      }
    },
    "node_modules/@firebase/firestore": {
      "version": "4.6.4",
      "resolved": "https://registry.npmjs.org/@firebase/firestore/-/firestore-4.6.4.tgz",
      "integrity": "sha512-vk2MoH5HxYEhiNg1l+yBXq1Fkhue/11bFg4HdlTv6BJHcTnnAj2a+/afPpatcW4MOdYA3Tv+d5nGzWbbOC1SHw==",
      "dependencies": {
        "@firebase/component": "0.6.8",
        "@firebase/logger": "0.4.2",
        "@firebase/util": "1.9.7",
        "@firebase/webchannel-wrapper": "1.0.1",
        "@grpc/grpc-js": "~1.9.0",
        "@grpc/proto-loader": "^0.7.8",
        "tslib": "^2.1.0",
        "undici": "5.28.4"
      },
      "engines": {
        "node": ">=10.10.0"
      },
      "peerDependencies": {
        "@firebase/app": "0.x"
      }
    },
    "node_modules/@firebase/firestore-compat": {
      "version": "0.3.33",
      "resolved": "https://registry.npmjs.org/@firebase/firestore-compat/-/firestore-compat-0.3.33.tgz",
      "integrity": "sha512-i42a2l31N95CwYEB7zmfK0FS1mrO6pwOLwxavCrwu1BCFrVVVQhUheTPIda/iGguK/2Nog0RaIR1bo7QkZEz3g==",
      "dependencies": {
        "@firebase/component": "0.6.8",
        "@firebase/firestore": "4.6.4",
        "@firebase/firestore-types": "3.0.2",
        "@firebase/util": "1.9.7",
        "tslib": "^2.1.0"
      },
      "peerDependencies": {
        "@firebase/app-compat": "0.x"
      }
    },
    "node_modules/@firebase/firestore-types": {
      "version": "3.0.2",
      "resolved": "https://registry.npmjs.org/@firebase/firestore-types/-/firestore-types-3.0.2.tgz",
      "integrity": "sha512-wp1A+t5rI2Qc/2q7r2ZpjUXkRVPtGMd6zCLsiWurjsQpqPgFin3AhNibKcIzoF2rnToNa/XYtyWXuifjOOwDgg==",
      "peerDependencies": {
        "@firebase/app-types": "0.x",
        "@firebase/util": "1.x"
      }
    },
    "node_modules/@firebase/functions": {
      "version": "0.11.6",
      "resolved": "https://registry.npmjs.org/@firebase/functions/-/functions-0.11.6.tgz",
      "integrity": "sha512-GPfIBPtpwQvsC7SQbgaUjLTdja0CsNwMoKSgrzA1FGGRk4NX6qO7VQU6XCwBiAFWbpbQex6QWkSMsCzLx1uibQ==",
      "dependencies": {
        "@firebase/app-check-interop-types": "0.3.2",
        "@firebase/auth-interop-types": "0.2.3",
        "@firebase/component": "0.6.8",
        "@firebase/messaging-interop-types": "0.2.2",
        "@firebase/util": "1.9.7",
        "tslib": "^2.1.0",
        "undici": "5.28.4"
      },
      "peerDependencies": {
        "@firebase/app": "0.x"
      }
    },
    "node_modules/@firebase/functions-compat": {
      "version": "0.3.12",
      "resolved": "https://registry.npmjs.org/@firebase/functions-compat/-/functions-compat-0.3.12.tgz",
      "integrity": "sha512-r3XUb5VlITWpML46JymfJPkK6I9j4SNlO7qWIXUc0TUmkv0oAfVoiIt1F83/NuMZXaGr4YWA/794nVSy4GV8tw==",
      "dependencies": {
        "@firebase/component": "0.6.8",
        "@firebase/functions": "0.11.6",
        "@firebase/functions-types": "0.6.2",
        "@firebase/util": "1.9.7",
        "tslib": "^2.1.0"
      },
      "peerDependencies": {
        "@firebase/app-compat": "0.x"
      }
    },
    "node_modules/@firebase/functions-types": {
      "version": "0.6.2",
      "resolved": "https://registry.npmjs.org/@firebase/functions-types/-/functions-types-0.6.2.tgz",
      "integrity": "sha512-0KiJ9lZ28nS2iJJvimpY4nNccV21rkQyor5Iheu/nq8aKXJqtJdeSlZDspjPSBBiHRzo7/GMUttegnsEITqR+w=="
    },
    "node_modules/@firebase/installations": {
      "version": "0.6.8",
      "resolved": "https://registry.npmjs.org/@firebase/installations/-/installations-0.6.8.tgz",
      "integrity": "sha512-57V374qdb2+wT5v7+ntpLXBjZkO6WRgmAUbVkRfFTM/4t980p0FesbqTAcOIiM8U866UeuuuF8lYH70D3jM/jQ==",
      "dependencies": {
        "@firebase/component": "0.6.8",
        "@firebase/util": "1.9.7",
        "idb": "7.1.1",
        "tslib": "^2.1.0"
      },
      "peerDependencies": {
        "@firebase/app": "0.x"
      }
    },
    "node_modules/@firebase/installations-compat": {
      "version": "0.2.8",
      "resolved": "https://registry.npmjs.org/@firebase/installations-compat/-/installations-compat-0.2.8.tgz",
      "integrity": "sha512-pI2q8JFHB7yIq/szmhzGSWXtOvtzl6tCUmyykv5C8vvfOVJUH6mP4M4iwjbK8S1JotKd/K70+JWyYlxgQ0Kpyw==",
      "dependencies": {
        "@firebase/component": "0.6.8",
        "@firebase/installations": "0.6.8",
        "@firebase/installations-types": "0.5.2",
        "@firebase/util": "1.9.7",
        "tslib": "^2.1.0"
      },
      "peerDependencies": {
        "@firebase/app-compat": "0.x"
      }
    },
    "node_modules/@firebase/installations-types": {
      "version": "0.5.2",
      "resolved": "https://registry.npmjs.org/@firebase/installations-types/-/installations-types-0.5.2.tgz",
      "integrity": "sha512-que84TqGRZJpJKHBlF2pkvc1YcXrtEDOVGiDjovP/a3s6W4nlbohGXEsBJo0JCeeg/UG9A+DEZVDUV9GpklUzA==",
      "peerDependencies": {
        "@firebase/app-types": "0.x"
      }
    },
    "node_modules/@firebase/logger": {
      "version": "0.4.2",
      "resolved": "https://registry.npmjs.org/@firebase/logger/-/logger-0.4.2.tgz",
      "integrity": "sha512-Q1VuA5M1Gjqrwom6I6NUU4lQXdo9IAQieXlujeHZWvRt1b7qQ0KwBaNAjgxG27jgF9/mUwsNmO8ptBCGVYhB0A==",
      "dependencies": {
        "tslib": "^2.1.0"
      }
    },
    "node_modules/@firebase/messaging": {
      "version": "0.12.10",
      "resolved": "https://registry.npmjs.org/@firebase/messaging/-/messaging-0.12.10.tgz",
      "integrity": "sha512-fGbxJPKpl2DIKNJGhbk4mYPcM+qE2gl91r6xPoiol/mN88F5Ym6UeRdMVZah+pijh9WxM55alTYwXuW40r1Y2Q==",
      "dependencies": {
        "@firebase/component": "0.6.8",
        "@firebase/installations": "0.6.8",
        "@firebase/messaging-interop-types": "0.2.2",
        "@firebase/util": "1.9.7",
        "idb": "7.1.1",
        "tslib": "^2.1.0"
      },
      "peerDependencies": {
        "@firebase/app": "0.x"
      }
    },
    "node_modules/@firebase/messaging-compat": {
      "version": "0.2.10",
      "resolved": "https://registry.npmjs.org/@firebase/messaging-compat/-/messaging-compat-0.2.10.tgz",
      "integrity": "sha512-FXQm7rcowkDm8kFLduHV35IRYCRo+Ng0PIp/t1+EBuEbyplaKkGjZ932pE+owf/XR+G/60ku2QRBptRGLXZydg==",
      "dependencies": {
        "@firebase/component": "0.6.8",
        "@firebase/messaging": "0.12.10",
        "@firebase/util": "1.9.7",
        "tslib": "^2.1.0"
      },
